PODS:
  - FBSnapshotTestCase (2.1.4):
    - FBSnapshotTestCase/SwiftSupport (= 2.1.4)
  - FBSnapshotTestCase/Core (2.1.4)
  - FBSnapshotTestCase/SwiftSupport (2.1.4):
    - FBSnapshotTestCase/Core
  - Nimble (7.0.2)
  - Nimble-Snapshots (4.4.0):
    - Nimble-Snapshots/Core (= 4.4.0)
  - Nimble-Snapshots/Core (4.4.0):
    - FBSnapshotTestCase (~> 2.0)
    - Nimble
    - Quick
  - Peloton-UIColors (0.4.8)
  - Quick (0.10.0)

DEPENDENCIES:
  - FBSnapshotTestCase (~> 2.1)
  - Nimble (~> 7.0.2)
  - Nimble-Snapshots (~> 4.2)
  - Peloton-UIColors (from `../`)
  - Quick (~> 0.10)

EXTERNAL SOURCES:
  Peloton-UIColors:
    :path: "../"

SPEC CHECKSUMS:
  FBSnapshotTestCase: '094f9f314decbabe373b87cc339bea235a63e07a'
  Nimble: bfe1f814edabba69ff145cb1283e04ed636a67f2
  Nimble-Snapshots: e743439f26c2fa99d8f7e0d7c01c99bcb40aa6f2
  Peloton-UIColors: f911762b8be2c692928dec255a55e90a1f5b9694
  Quick: 5d290df1c69d5ee2f0729956dcf0fd9a30447eaa

PODFILE CHECKSUM: 567acbf26623c04d443d672bd9a557944c7014e9

COCOAPODS: 1.2.1
